# This file is autogenerated, do not edit; changes may be undone by the next 'dep ensure'.


[[projects]]
  branch = "master"
  digest = "1:080689a7cb710dc8f694005f8e5b3aab861d01e885eaf53fae54431c4635bfe6"
  name = "github.com/c9s/goprocinfo"
  packages = ["linux"]
  pruneopts = "UT"
  revision = "0010a05ce49fde7f50669bc7ecda7d41dd6ab824"

[[projects]]
  digest = "1:a2cff208d4759f6ba1b1cd228587b0a1869f95f22542ec9cd17fff64430113c7"
  name = "github.com/jessevdk/go-flags"
  packages = ["."]
  pruneopts = "UT"
  revision = "c6ca198ec95c841fdb89fc0de7496fed11ab854e"
  version = "v1.4.0"

[solve-meta]
  analyzer-name = "dep"
  analyzer-version = 1
  input-imports = [
    "github.com/c9s/goprocinfo/linux",
    "github.com/jessevdk/go-flags",
  ]
  solver-name = "gps-cdcl"
  solver-version = 1
